
Microsoft Visual Studio Solution File, Format Version 12.00
# Visual Studio Version 16
VisualStudioVersion = 16.0.31624.102
MinimumVisualStudioVersion = 10.0.40219.1
Project("{FAE04EC0-301F-11D3-BF4B-00C04F79EFBC}") = "Clase_Serializacion", "Clase_Serializacion\Clase_Serializacion.csproj", "{EFFB4A86-B158-4B8F-BF8D-2597AC58F498}"
EndProject
Global
	GlobalSection(SolutionConfigurationPlatforms) = preSolution
		Debug|Any CPU = Debug|Any CPU
		Release|Any CPU = Release|Any CPU
	EndGlobalSection
	GlobalSection(ProjectConfigurationPlatforms) = postSolution
		{EFFB4A86-B158-4B8F-BF8D-2597AC58F498}.Debug|Any CPU.ActiveCfg = Debug|Any CPU
		{EFFB4A86-B158-4B8F-BF8D-2597AC58F498}.Debug|Any CPU.Build.0 = Debug|Any CPU
		{EFFB4A86-B158-4B8F-BF8D-2597AC58F498}.Release|Any CPU.ActiveCfg = Release|Any CPU
		{EFFB4A86-B158-4B8F-BF8D-2597AC58F498}.Release|Any CPU.Build.0 = Release|Any CPU
	EndGlobalSection
	GlobalSection(SolutionProperties) = preSolution
		HideSolutionNode = FALSE
	EndGlobalSection
	GlobalSection(ExtensibilityGlobals) = postSolution
		SolutionGuid = {1A387C48-5963-4CC3-81B4-ED3A8C95D806}
	EndGlobalSection
EndGlobal
